{
  "name": "ajax-diff",
  "version": "0.0.1",
  "lockfileVersion": 1,
  "dependencies": {
    "diff-dom": {
      "version": "2.1.0",
      "resolved": "https://registry.npmjs.org/diff-dom/-/diff-dom-2.1.0.tgz",
      "integrity": "sha1-Dr8wMPhvLpo0+7cy7OwrMCi+zBo="
    },
    "typescript": {
      "version": "2.4.1",
      "resolved": "https://registry.npmjs.org/typescript/-/typescript-2.4.1.tgz",
      "integrity": "sha1-w8yxbdqgsjFN4DHn5v7onlujRrw=",
      "dev": true
    }
  }
}
